{
  "name": "LSTM Time series prediction",
  "lockfileVersion": 3,
  "requires": true,
  "packages": {
    "": {
      "dependencies": {
        "@canvasjs/charts": "^3.7.23"
      }
    },
    "node_modules/@canvasjs/charts": {
      "version": "3.7.23",
      "resolved": "https://registry.npmjs.org/@canvasjs/charts/-/charts-3.7.23.tgz",
      "integrity": "sha512-bwWk9yCb9kchIJlks7hoCEjN/dLw6qdeM7COY8CeKlx/PFkHNBidD7w2TchIEaitGQAMIpZPT6QmhURHMnRQbQ=="
    }
  }
}
